
Microsoft Visual Studio Solution File, Format Version 12.00
# Visual Studio Version 17
VisualStudioVersion = 17.11.35431.28
MinimumVisualStudioVersion = 10.0.40219.1
Project("{FAE04EC0-301F-11D3-BF4B-00C04F79EFBC}") = "30SecondsNambiaStyle", "30SecondsNambiaStyle\30SecondsNambiaStyle.csproj", "{1E74F5EB-92EE-49AB-8E15-AB51998BF828}"
EndProject
Global
	GlobalSection(SolutionConfigurationPlatforms) = preSolution
		Debug|Any CPU = Debug|Any CPU
		Release|Any CPU = Release|Any CPU
	EndGlobalSection
	GlobalSection(ProjectConfigurationPlatforms) = postSolution
		{1E74F5EB-92EE-49AB-8E15-AB51998BF828}.Debug|Any CPU.ActiveCfg = Debug|Any CPU
		{1E74F5EB-92EE-49AB-8E15-AB51998BF828}.Debug|Any CPU.Build.0 = Debug|Any CPU
		{1E74F5EB-92EE-49AB-8E15-AB51998BF828}.Release|Any CPU.ActiveCfg = Release|Any CPU
		{1E74F5EB-92EE-49AB-8E15-AB51998BF828}.Release|Any CPU.Build.0 = Release|Any CPU
	EndGlobalSection
	GlobalSection(SolutionProperties) = preSolution
		HideSolutionNode = FALSE
	EndGlobalSection
	GlobalSection(ExtensibilityGlobals) = postSolution
		SolutionGuid = {CD039C0F-7365-48B8-83C9-90465D2209E7}
	EndGlobalSection
EndGlobal
